// !$*UTF8*$!
{
	archiveVersion = 1;
	classes = {
	};
	objectVersion = 56;
	objects = {

/* Begin PBXBuildFile section */
		CF260A6A2AC57AC200BC610F /* AppDelegate.swift in Sources */ = {isa = PBXBuildFile; fileRef = CF260A692AC57AC200BC610F /* AppDelegate.swift */; };
		CF260A6C2AC57AC200BC610F /* SceneDelegate.swift in Sources */ = {isa = PBXBuildFile; fileRef = CF260A6B2AC57AC200BC610F /* SceneDelegate.swift */; };
		CF260A6E2AC57AC200BC610F /* ViewController.swift in Sources */ = {isa = PBXBuildFile; fileRef = CF260A6D2AC57AC200BC610F /* ViewController.swift */; };
		CF260A712AC57AC200BC610F /* Main.storyboard in Resources */ = {isa = PBXBuildFile; fileRef = CF260A6F2AC57AC200BC610F /* Main.storyboard */; };
		CF260A732AC57AC400BC610F /* Assets.xcassets in Resources */ = {isa = PBXBuildFile; fileRef = CF260A722AC57AC400BC610F /* Assets.xcassets */; };
		CF260A762AC57AC400BC610F /* LaunchScreen.storyboard in Resources */ = {isa = PBXBuildFile; fileRef = CF260A742AC57AC400BC610F /* LaunchScreen.storyboard */; };
		CFC436802ACF405600EB5085 /* ViewControllerStore.swift in Sources */ = {isa = PBXBuildFile; fileRef = CFC4367F2ACF405600EB5085 /* ViewControllerStore.swift */; };
		CFCDD8FB2ACACFB70058DBFC /* Creature.swift in Sources */ = {isa = PBXBuildFile; fileRef = CFCDD8FA2ACACFB70058DBFC /* Creature.swift */; };
		CFCDD8FD2ACACFFC0058DBFC /* Player.swift in Sources */ = {isa = PBXBuildFile; fileRef = CFCDD8FC2ACACFFC0058DBFC /* Player.swift */; };
		CFCDD8FF2ACAD02D0058DBFC /* Game.swift in Sources */ = {isa = PBXBuildFile; fileRef = CFCDD8FE2ACAD02D0058DBFC /* Game.swift */; };
		CFCDD9012ACAD06E0058DBFC /* Monster.swift in Sources */ = {isa = PBXBuildFile; fileRef = CFCDD9002ACAD06E0058DBFC /* Monster.swift */; };
/* End PBXBuildFile section */

/* Begin PBXFileReference section */
		CF260A662AC57AC200BC610F /* Emoji Battle.app */ = {isa = PBXFileReference; explicitFileType = wrapper.application; includeInIndex = 0; path = "Emoji Battle.app"; sourceTree = BUILT_PRODUCTS_DIR; };
		CF260A692AC57AC200BC610F /* AppDelegate.swift */ = {isa = PBXFileReference; lastKnownFileType = sourcecode.swift; path = AppDelegate.swift; sourceTree = "<group>"; };
		CF260A6B2AC57AC200BC610F /* SceneDelegate.swift */ = {isa = PBXFileReference; lastKnownFileType = sourcecode.swift; path = SceneDelegate.swift; sourceTree = "<group>"; };
		CF260A6D2AC57AC200BC610F /* ViewController.swift */ = {isa = PBXFileReference; lastKnownFileType = sourcecode.swift; path = ViewController.swift; sourceTree = "<group>"; };
		CF260A702AC57AC200BC610F /* Base */ = {isa = PBXFileReference; lastKnownFileType = file.storyboard; name = Base; path = Base.lproj/Main.storyboard; sourceTree = "<group>"; };
		CF260A722AC57AC400BC610F /* Assets.xcassets */ = {isa = PBXFileReference; lastKnownFileType = folder.assetcatalog; path = Assets.xcassets; sourceTree = "<group>"; };
		CF260A752AC57AC400BC610F /* Base */ = {isa = PBXFileReference; lastKnownFileType = file.storyboard; name = Base; path = Base.lproj/LaunchScreen.storyboard; sourceTree = "<group>"; };
		CF260A772AC57AC400BC610F /* Info.plist */ = {isa = PBXFileReference; lastKnownFileType = text.plist.xml; path = Info.plist; sourceTree = "<group>"; };
		CFC4367F2ACF405600EB5085 /* ViewControllerStore.swift */ = {isa = PBXFileReference; lastKnownFileType = sourcecode.swift; path = ViewControllerStore.swift; sourceTree = "<group>"; };
		CFCDD8FA2ACACFB70058DBFC /* Creature.swift */ = {isa = PBXFileReference; lastKnownFileType = sourcecode.swift; path = Creature.swift; sourceTree = "<group>"; };
		CFCDD8FC2ACACFFC0058DBFC /* Player.swift */ = {isa = PBXFileReference; lastKnownFileType = sourcecode.swift; path = Player.swift; sourceTree = "<group>"; };
		CFCDD8FE2ACAD02D0058DBFC /* Game.swift */ = {isa = PBXFileReference; lastKnownFileType = sourcecode.swift; path = Game.swift; sourceTree = "<group>"; };
		CFCDD9002ACAD06E0058DBFC /* Monster.swift */ = {isa = PBXFileReference; lastKnownFileType = sourcecode.swift; path = Monster.swift; sourceTree = "<group>"; };
/* End PBXFileReference section */

/* Begin PBXFrameworksBuildPhase section */
		CF260A632AC57AC200BC610F /* Frameworks */ = {
			isa = PBXFrameworksBuildPhase;
			buildActionMask = 2147483647;
			files = (
			);
			runOnlyForDeploymentPostprocessing = 0;
		};
/* End PBXFrameworksBuildPhase section */

/* Begin PBXGroup section */
		CF260A5D2AC57AC200BC610F = {
			isa = PBXGroup;
			children = (
				CF260A682AC57AC200BC610F /* Emoji Battle */,
				CF260A672AC57AC200BC610F /* Products */,
			);
			sourceTree = "<group>";
		};
		CF260A672AC57AC200BC610F /* Products */ = {
			isa = PBXGroup;
			children = (
				CF260A662AC57AC200BC610F /* Emoji Battle.app */,
			);
			name = Products;
			sourceTree = "<group>";
		};
		CF260A682AC57AC200BC610F /* Emoji Battle */ = {
			isa = PBXGroup;
			children = (
				CFC4367F2ACF405600EB5085 /* ViewControllerStore.swift */,
				CFCDD9002ACAD06E0058DBFC /* Monster.swift */,
				CFCDD8FE2ACAD02D0058DBFC /* Game.swift */,
				CFCDD8FA2ACACFB70058DBFC /* Creature.swift */,
				CFCDD8FC2ACACFFC0058DBFC /* Player.swift */,
				CF260A692AC57AC200BC610F /* AppDelegate.swift */,
				CF260A6B2AC57AC200BC610F /* SceneDelegate.swift */,
				CF260A6D2AC57AC200BC610F /* ViewController.swift */,
				CF260A6F2AC57AC200BC610F /* Main.storyboard */,
				CF260A722AC57AC400BC610F /* Assets.xcassets */,
				CF260A742AC57AC400BC610F /* LaunchScreen.storyboard */,
				CF260A772AC57AC400BC610F /* Info.plist */,
			);
			path = "Emoji Battle";
			sourceTree = "<group>";
		};
/* End PBXGroup section */

/* Begin PBXNativeTarget section */
		CF260A652AC57AC200BC610F /* Emoji Battle */ = {
			isa = PBXNativeTarget;
			buildConfigurationList = CF260A7A2AC57AC400BC610F /* Build configuration list for PBXNativeTarget "Emoji Battle" */;
			buildPhases = (
				CF260A622AC57AC200BC610F /* Sources */,
				CF260A632AC57AC200BC610F /* Frameworks */,
				CF260A642AC57AC200BC610F /* Resources */,
			);
			buildRules = (
			);
			dependencies = (
			);
			name = "Emoji Battle";
			productName = "Emoji Battle";
			productReference = CF260A662AC57AC200BC610F /* Emoji Battle.app */;
			productType = "com.apple.product-type.application";
		};
/* End PBXNativeTarget section */

/* Begin PBXProject section */
		CF260A5E2AC57AC200BC610F /* Project object */ = {
			isa = PBXProject;
			attributes = {
				BuildIndependentTargetsInParallel = 1;
				LastSwiftUpdateCheck = 1500;
				LastUpgradeCheck = 1500;
				TargetAttributes = {
					CF260A652AC57AC200BC610F = {
						CreatedOnToolsVersion = 15.0;
					};
				};
			};
			buildConfigurationList = CF260A612AC57AC200BC610F /* Build configuration list for PBXProject "Emoji Battle" */;
			compatibilityVersion = "Xcode 14.0";
			developmentRegion = en;
			hasScannedForEncodings = 0;
			knownRegions = (
				en,
				Base,
			);
			mainGroup = CF260A5D2AC57AC200BC610F;
			productRefGroup = CF260A672AC57AC200BC610F /* Products */;
			projectDirPath = "";
			projectRoot = "";
			targets = (
				CF260A652AC57AC200BC610F /* Emoji Battle */,
			);
		};
/* End PBXProject section */

/* Begin PBXResourcesBuildPhase section */
		CF260A642AC57AC200BC610F /* Resources */ = {
			isa = PBXResourcesBuildPhase;
			buildActionMask = 2147483647;
			files = (
				CF260A762AC57AC400BC610F /* LaunchScreen.storyboard in Resources */,
				CF260A732AC57AC400BC610F /* Assets.xcassets in Resources */,
				CF260A712AC57AC200BC610F /* Main.storyboard in Resources */,
			);
			runOnlyForDeploymentPostprocessing = 0;
		};
/* End PBXResourcesBuildPhase section */

/* Begin PBXSourcesBuildPhase section */
		CF260A622AC57AC200BC610F /* Sources */ = {
			isa = PBXSourcesBuildPhase;
			buildActionMask = 2147483647;
			files = (
				CFCDD8FB2ACACFB70058DBFC /* Creature.swift in Sources */,
				CFCDD8FF2ACAD02D0058DBFC /* Game.swift in Sources */,
				CFC436802ACF405600EB5085 /* ViewControllerStore.swift in Sources */,
				CF260A6E2AC57AC200BC610F /* ViewController.swift in Sources */,
				CF260A6A2AC57AC200BC610F /* AppDelegate.swift in Sources */,
				CFCDD8FD2ACACFFC0058DBFC /* Player.swift in Sources */,
				CF260A6C2AC57AC200BC610F /* SceneDelegate.swift in Sources */,
				CFCDD9012ACAD06E0058DBFC /* Monster.swift in Sources */,
			);
			runOnlyForDeploymentPostprocessing = 0;
		};
/* End PBXSourcesBuildPhase section */

/* Begin PBXVariantGroup section */
		CF260A6F2AC57AC200BC610F /* Main.storyboard */ = {
			isa = PBXVariantGroup;
			children = (
				CF260A702AC57AC200BC610F /* Base */,
			);
			name = Main.storyboard;
			sourceTree = "<group>";
		};
		CF260A742AC57AC400BC610F /* LaunchScreen.storyboard */ = {
			isa = PBXVariantGroup;
			children = (
				CF260A752AC57AC400BC610F /* Base */,
			);
			name = LaunchScreen.storyboard;
			sourceTree = "<group>";
		};
/* End PBXVariantGroup section */

/* Begin XCBuildConfiguration section */
		CF260A782AC57AC400BC610F /* Debug */ = {
			isa = XCBuildConfiguration;
			buildSettings = {
				ALWAYS_SEARCH_USER_PATHS = NO;
				ASSETCATALOG_COMPILER_GENERATE_SWIFT_ASSET_SYMBOL_EXTENSIONS = YES;
				CLANG_ANALYZER_NONNULL = YES;
				CLANG_ANALYZER_NUMBER_OBJECT_CONVERSION = YES_AGGRESSIVE;
				CLANG_CXX_LANGUAGE_STANDARD = "gnu++20";
				CLANG_ENABLE_MODULES = YES;
				CLANG_ENABLE_OBJC_ARC = YES;
				CLANG_ENABLE_OBJC_WEAK = YES;
				CLANG_WARN_BLOCK_CAPTURE_AUTORELEASING = YES;
				CLANG_WARN_BOOL_CONVERSION = YES;
				CLANG_WARN_COMMA = YES;
				CLANG_WARN_CONSTANT_CONVERSION = YES;
				CLANG_WARN_DEPRECATED_OBJC_IMPLEMENTATIONS = YES;
				CLANG_WARN_DIRECT_OBJC_ISA_USAGE = YES_ERROR;
				CLANG_WARN_DOCUMENTATION_COMMENTS = YES;
				CLANG_WARN_EMPTY_BODY = YES;
				CLANG_WARN_ENUM_CONVERSION = YES;
				CLANG_WARN_INFINITE_RECURSION = YES;
				CLANG_WARN_INT_CONVERSION = YES;
				CLANG_WARN_NON_LITERAL_NULL_CONVERSION = YES;
				CLANG_WARN_OBJC_IMPLICIT_RETAIN_SELF = YES;
				CLANG_WARN_OBJC_LITERAL_CONVERSION = YES;
				CLANG_WARN_OBJC_ROOT_CLASS = YES_ERROR;
				CLANG_WARN_QUOTED_INCLUDE_IN_FRAMEWORK_HEADER = YES;
				CLANG_WARN_RANGE_LOOP_ANALYSIS = YES;
				CLANG_WARN_STRICT_PROTOTYPES = YES;
				CLANG_WARN_SUSPICIOUS_MOVE = YES;
				CLANG_WARN_UNGUARDED_AVAILABILITY = YES_AGGRESSIVE;
				CLANG_WARN_UNREACHABLE_CODE = YES;
				CLANG_WARN__DUPLICATE_METHOD_MATCH = YES;
				COPY_PHASE_STRIP = NO;
				DEBUG_INFORMATION_FORMAT = dwarf;
				ENABLE_STRICT_OBJC_MSGSEND = YES;
				ENABLE_TESTABILITY = YES;
				ENABLE_USER_SCRIPT_SANDBOXING = YES;
				GCC_C_LANGUAGE_STANDARD = gnu17;
				GCC_DYNAMIC_NO_PIC = NO;
				GCC_NO_COMMON_BLOCKS = YES;
				GCC_OPTIMIZATION_LEVEL = 0;
				GCC_PREPROCESSOR_DEFINITIONS = (
					"DEBUG=1",
					"$(inherited)",
				);
				GCC_WARN_64_TO_32_BIT_CONVERSION = YES;
				GCC_WARN_ABOUT_RETURN_TYPE = YES_ERROR;
				GCC_WARN_UNDECLARED_SELECTOR = YES;
				GCC_WARN_UNINITIALIZED_AUTOS = YES_AGGRESSIVE;
				GCC_WARN_UNUSED_FUNCTION = YES;
				GCC_WARN_UNUSED_VARIABLE = YES;
				IPHONEOS_DEPLOYMENT_TARGET = 17.0;
				LOCALIZATION_PREFERS_STRING_CATALOGS = YES;
				MTL_ENABLE_DEBUG_INFO = INCLUDE_SOURCE;
				MTL_FAST_MATH = YES;
				ONLY_ACTIVE_ARCH = YES;
				SDKROOT = iphoneos;
				SWIFT_ACTIVE_COMPILATION_CONDITIONS = "DEBUG $(inherited)";
				SWIFT_OPTIMIZATION_LEVEL = "-Onone";
			};
			name = Debug;
		};
		CF260A792AC57AC400BC610F /* Release */ = {
			isa = XCBuildConfiguration;
			buildSettings = {
				ALWAYS_SEARCH_USER_PATHS = NO;
				ASSETCATALOG_COMPILER_GENERATE_SWIFT_ASSET_SYMBOL_EXTENSIONS = YES;
				CLANG_ANALYZER_NONNULL = YES;
				CLANG_ANALYZER_NUMBER_OBJECT_CONVERSION = YES_AGGRESSIVE;
				CLANG_CXX_LANGUAGE_STANDARD = "gnu++20";
				CLANG_ENABLE_MODULES = YES;
				CLANG_ENABLE_OBJC_ARC = YES;
				CLANG_ENABLE_OBJC_WEAK = YES;
				CLANG_WARN_BLOCK_CAPTURE_AUTORELEASING = YES;
				CLANG_WARN_BOOL_CONVERSION = YES;
				CLANG_WARN_COMMA = YES;
				CLANG_WARN_CONSTANT_CONVERSION = YES;
				CLANG_WARN_DEPRECATED_OBJC_IMPLEMENTATIONS = YES;
				CLANG_WARN_DIRECT_OBJC_ISA_USAGE = YES_ERROR;
				CLANG_WARN_DOCUMENTATION_COMMENTS = YES;
				CLANG_WARN_EMPTY_BODY = YES;
				CLANG_WARN_ENUM_CONVERSION = YES;
				CLANG_WARN_INFINITE_RECURSION = YES;
				CLANG_WARN_INT_CONVERSION = YES;
				CLANG_WARN_NON_LITERAL_NULL_CONVERSION = YES;
				CLANG_WARN_OBJC_IMPLICIT_RETAIN_SELF = YES;
				CLANG_WARN_OBJC_LITERAL_CONVERSION = YES;
				CLANG_WARN_OBJC_ROOT_CLASS = YES_ERROR;
				CLANG_WARN_QUOTED_INCLUDE_IN_FRAMEWORK_HEADER = YES;
				CLANG_WARN_RANGE_LOOP_ANALYSIS = YES;
				CLANG_WARN_STRICT_PROTOTYPES = YES;
				CLANG_WARN_SUSPICIOUS_MOVE = YES;
				CLANG_WARN_UNGUARDED_AVAILABILITY = YES_AGGRESSIVE;
				CLANG_WARN_UNREACHABLE_CODE = YES;
				CLANG_WARN__DUPLICATE_METHOD_MATCH = YES;
				COPY_PHASE_STRIP = NO;
				DEBUG_INFORMATION_FORMAT = "dwarf-with-dsym";
				ENABLE_NS_ASSERTIONS = NO;
				ENABLE_STRICT_OBJC_MSGSEND = YES;
				ENABLE_USER_SCRIPT_SANDBOXING = YES;
				GCC_C_LANGUAGE_STANDARD = gnu17;
				GCC_NO_COMMON_BLOCKS = YES;
				GCC_WARN_64_TO_32_BIT_CONVERSION = YES;
				GCC_WARN_ABOUT_RETURN_TYPE = YES_ERROR;
				GCC_WARN_UNDECLARED_SELECTOR = YES;
				GCC_WARN_UNINITIALIZED_AUTOS = YES_AGGRESSIVE;
				GCC_WARN_UNUSED_FUNCTION = YES;
				GCC_WARN_UNUSED_VARIABLE = YES;
				IPHONEOS_DEPLOYMENT_TARGET = 17.0;
				LOCALIZATION_PREFERS_STRING_CATALOGS = YES;
				MTL_ENABLE_DEBUG_INFO = NO;
				MTL_FAST_MATH = YES;
				SDKROOT = iphoneos;
				SWIFT_COMPILATION_MODE = wholemodule;
				VALIDATE_PRODUCT = YES;
			};
			name = Release;
		};
		CF260A7B2AC57AC400BC610F /* Debug */ = {
			isa = XCBuildConfiguration;
			buildSettings = {
				ASSETCATALOG_COMPILER_APPICON_NAME = AppIcon;
				ASSETCATALOG_COMPILER_GLOBAL_ACCENT_COLOR_NAME = AccentColor;
				CODE_SIGN_STYLE = Automatic;
				CURRENT_PROJECT_VERSION = 1;
				DEVELOPMENT_TEAM = YC536CUH9J;
				GENERATE_INFOPLIST_FILE = YES;
				INFOPLIST_FILE = "Emoji Battle/Info.plist";
				INFOPLIST_KEY_UIApplicationSupportsIndirectInputEvents = YES;
				INFOPLIST_KEY_UILaunchStoryboardName = LaunchScreen;
				INFOPLIST_KEY_UIMainStoryboardFile = Main;
				INFOPLIST_KEY_UIStatusBarStyle = "";
				INFOPLIST_KEY_UISupportedInterfaceOrientations = UIInterfaceOrientationPortrait;
				LD_RUNPATH_SEARCH_PATHS = (
					"$(inherited)",
					"@executable_path/Frameworks",
				);
				MARKETING_VERSION = 1.0;
				PRODUCT_BUNDLE_IDENTIFIER = "HETNOOR.Emoji-Battle";
				PRODUCT_NAME = "$(TARGET_NAME)";
				SWIFT_EMIT_LOC_STRINGS = YES;
				SWIFT_VERSION = 5.0;
				TARGETED_DEVICE_FAMILY = "1,2";
			};
			name = Debug;
		};
		CF260A7C2AC57AC400BC610F /* Release */ = {
			isa = XCBuildConfiguration;
			buildSettings = {
				ASSETCATALOG_COMPILER_APPICON_NAME = AppIcon;
				ASSETCATALOG_COMPILER_GLOBAL_ACCENT_COLOR_NAME = AccentColor;
				CODE_SIGN_STYLE = Automatic;
				CURRENT_PROJECT_VERSION = 1;
				DEVELOPMENT_TEAM = YC536CUH9J;
				GENERATE_INFOPLIST_FILE = YES;
				INFOPLIST_FILE = "Emoji Battle/Info.plist";
				INFOPLIST_KEY_UIApplicationSupportsIndirectInputEvents = YES;
				INFOPLIST_KEY_UILaunchStoryboardName = LaunchScreen;
				INFOPLIST_KEY_UIMainStoryboardFile = Main;
				INFOPLIST_KEY_UIStatusBarStyle = "";
				INFOPLIST_KEY_UISupportedInterfaceOrientations = UIInterfaceOrientationPortrait;
				LD_RUNPATH_SEARCH_PATHS = (
					"$(inherited)",
					"@executable_path/Frameworks",
				);
				MARKETING_VERSION = 1.0;
				PRODUCT_BUNDLE_IDENTIFIER = "HETNOOR.Emoji-Battle";
				PRODUCT_NAME = "$(TARGET_NAME)";
				SWIFT_EMIT_LOC_STRINGS = YES;
				SWIFT_VERSION = 5.0;
				TARGETED_DEVICE_FAMILY = "1,2";
			};
			name = Release;
		};
/* End XCBuildConfiguration section */

/* Begin XCConfigurationList section */
		CF260A612AC57AC200BC610F /* Build configuration list for PBXProject "Emoji Battle" */ = {
			isa = XCConfigurationList;
			buildConfigurations = (
				CF260A782AC57AC400BC610F /* Debug */,
				CF260A792AC57AC400BC610F /* Release */,
			);
			defaultConfigurationIsVisible = 0;
			defaultConfigurationName = Release;
		};
		CF260A7A2AC57AC400BC610F /* Build configuration list for PBXNativeTarget "Emoji Battle" */ = {
			isa = XCConfigurationList;
			buildConfigurations = (
				CF260A7B2AC57AC400BC610F /* Debug */,
				CF260A7C2AC57AC400BC610F /* Release */,
			);
			defaultConfigurationIsVisible = 0;
			defaultConfigurationName = Release;
		};
/* End XCConfigurationList section */
	};
	rootObject = CF260A5E2AC57AC200BC610F /* Project object */;
}
